<?xml version="1.0" encoding="utf-8"?>
<Project ToolsVersion="4.0" xmlns="http://schemas.microsoft.com/developer/msbuild/2003">
  <ItemGroup>
    <Filter Include="Resource Files">
      <UniqueIdentifier>{67DA6AB6-F800-4c08-8B7A-83BB121AAD01}</UniqueIdentifier>
      <Extensions>rc;ico;cur;bmp;dlg;rc2;rct;bin;rgs;gif;jpg;jpeg;jpe;resx;tiff;tif;png;wav;mfcribbon-ms</Extensions>
    </Filter>
    <Filter Include="PC">
      <UniqueIdentifier>{45e1c12e-a970-4582-b774-b3a520110bc6}</UniqueIdentifier>
    </Filter>
    <Filter Include="CINEMA">
      <UniqueIdentifier>{1532ecad-f2d4-48bc-83aa-e7fcb1cd723f}</UniqueIdentifier>
    </Filter>
    <Filter Include="G2">
      <UniqueIdentifier>{b8622ef9-d1a4-47e5-841f-909a36c4dc62}</UniqueIdentifier>
    </Filter>
    <Filter Include="LOCAL">
      <UniqueIdentifier>{f437d7f3-28cf-4975-97b8-3e450698df0a}</UniqueIdentifier>
    </Filter>
    <Filter Include="MCARD">
      <UniqueIdentifier>{ec738e6b-5998-4154-b208-67ad3c92d6cb}</UniqueIdentifier>
    </Filter>
    <Filter Include="MONSTER">
      <UniqueIdentifier>{ddd070bb-a474-4215-b6b9-c9009663eda7}</UniqueIdentifier>
    </Filter>
    <Filter Include="MENU">
      <UniqueIdentifier>{a0f0e65d-5553-451f-8f8e-7da58ce9fe9e}</UniqueIdentifier>
    </Filter>
    <Filter Include="PLAN">
      <UniqueIdentifier>{8f8866f0-c869-4707-b0ed-22930a89a5ea}</UniqueIdentifier>
    </Filter>
    <Filter Include="PSX">
      <UniqueIdentifier>{8d08ac0f-633b-4b7c-bf3c-d4a1d5f37052}</UniqueIdentifier>
    </Filter>
    <Filter Include="PSX\PSX_G2">
      <UniqueIdentifier>{4a8f4ec9-4b31-4b63-99f9-c887b473b436}</UniqueIdentifier>
    </Filter>
    <Filter Include="RAZIEL">
      <UniqueIdentifier>{c4229d81-d910-40d3-ae67-43038ae5cd57}</UniqueIdentifier>
    </Filter>
    <Filter Include="PC\video">
      <UniqueIdentifier>{53bd3007-da84-4396-a1c4-a34414355c54}</UniqueIdentifier>
    </Filter>
  </ItemGroup>
  <ItemGroup>
    <ClCompile Include="src\PC\libapi.c">
      <Filter>PC</Filter>
    </ClCompile>
    <ClCompile Include="src\PC\libgpu.c">
      <Filter>PC</Filter>
    </ClCompile>
    <ClCompile Include="src\PC\libgte.c">
      <Filter>PC</Filter>
    </ClCompile>
    <ClCompile Include="src\PC\libsn.c">
      <Filter>PC</Filter>
    </ClCompile>
    <ClCompile Include="src\PC\libspu.c">
      <Filter>PC</Filter>
    </ClCompile>
    <ClCompile Include="src\PC\libetc.c">
      <Filter>PC</Filter>
    </ClCompile>
    <ClCompile Include="src\PC\async.cpp">
      <Filter>PC</Filter>
    </ClCompile>
    <ClCompile Include="src\PC\memwpsx.c">
      <Filter>PC</Filter>
    </ClCompile>
    <ClCompile Include="src\PC\snd.cpp">
      <Filter>PC</Filter>
    </ClCompile>
    <ClCompile Include="src\PC\pcload.c">
      <Filter>PC</Filter>
    </ClCompile>
    <ClCompile Include="src\CINEMA\CINEPSX.C">
      <Filter>CINEMA</Filter>
    </ClCompile>
    <ClCompile Include="src\G2\ANIMG2.C">
      <Filter>G2</Filter>
    </ClCompile>
    <ClCompile Include="src\G2\ANMCTRLR.C">
      <Filter>G2</Filter>
    </ClCompile>
    <ClCompile Include="src\G2\ANMDECMP.C">
      <Filter>G2</Filter>
    </ClCompile>
    <ClCompile Include="src\G2\ANMG2ILF.C">
      <Filter>G2</Filter>
    </ClCompile>
    <ClCompile Include="src\G2\ANMINTRP.C">
      <Filter>G2</Filter>
    </ClCompile>
    <ClCompile Include="src\G2\INSTNCG2.C">
      <Filter>G2</Filter>
    </ClCompile>
    <ClCompile Include="src\G2\MAING2.C">
      <Filter>G2</Filter>
    </ClCompile>
    <ClCompile Include="src\G2\POOLMMG2.C">
      <Filter>G2</Filter>
    </ClCompile>
    <ClCompile Include="src\G2\QUATG2.C">
      <Filter>G2</Filter>
    </ClCompile>
    <ClCompile Include="src\G2\TIMERG2.C">
      <Filter>G2</Filter>
    </ClCompile>
    <ClCompile Include="src\LOCAL\LOCALSTR.C">
      <Filter>LOCAL</Filter>
    </ClCompile>
    <ClCompile Include="src\MCARD\MEMCARD.C">
      <Filter>MCARD</Filter>
    </ClCompile>
    <ClCompile Include="src\MCARD\MCASSERT.C">
      <Filter>MCARD</Filter>
    </ClCompile>
    <ClCompile Include="src\MONSTER\HUMAN.C">
      <Filter>MONSTER</Filter>
    </ClCompile>
    <ClCompile Include="src\MONSTER\MBMISS.C">
      <Filter>MONSTER</Filter>
    </ClCompile>
    <ClCompile Include="src\MONSTER\MISSILE.C">
      <Filter>MONSTER</Filter>
    </ClCompile>
    <ClCompile Include="src\MONSTER\MONAPI.C">
      <Filter>MONSTER</Filter>
    </ClCompile>
    <ClCompile Include="src\MONSTER\MONLIB.C">
      <Filter>MONSTER</Filter>
    </ClCompile>
    <ClCompile Include="src\MONSTER\MONMSG.C">
      <Filter>MONSTER</Filter>
    </ClCompile>
    <ClCompile Include="src\MONSTER\MONSENSE.C">
      <Filter>MONSTER</Filter>
    </ClCompile>
    <ClCompile Include="src\MONSTER\MONSTER.C">
      <Filter>MONSTER</Filter>
    </ClCompile>
    <ClCompile Include="src\MONSTER\MONTABLE.C">
      <Filter>MONSTER</Filter>
    </ClCompile>
    <ClCompile Include="src\MONSTER\SLUAGH.C">
      <Filter>MONSTER</Filter>
    </ClCompile>
    <ClCompile Include="src\MONSTER\SOUL.C">
      <Filter>MONSTER</Filter>
    </ClCompile>
    <ClCompile Include="src\MONSTER\VWRAITH.C">
      <Filter>MONSTER</Filter>
    </ClCompile>
    <ClCompile Include="src\MONSTER\WORSHIP.C">
      <Filter>MONSTER</Filter>
    </ClCompile>
    <ClCompile Include="src\MENU\MENU.C">
      <Filter>MENU</Filter>
    </ClCompile>
    <ClCompile Include="src\MENU\MENUDEFS.C">
      <Filter>MENU</Filter>
    </ClCompile>
    <ClCompile Include="src\MENU\MENUFACE.C">
      <Filter>MENU</Filter>
    </ClCompile>
    <ClCompile Include="src\MENU\MENUUTIL.C">
      <Filter>MENU</Filter>
    </ClCompile>
    <ClCompile Include="src\PLAN\ENMYPLAN.C">
      <Filter>PLAN</Filter>
    </ClCompile>
    <ClCompile Include="src\PLAN\PLANAPI.C">
      <Filter>PLAN</Filter>
    </ClCompile>
    <ClCompile Include="src\PLAN\PLANCOLL.C">
      <Filter>PLAN</Filter>
    </ClCompile>
    <ClCompile Include="src\PLAN\PLANPOOL.C">
      <Filter>PLAN</Filter>
    </ClCompile>
    <ClCompile Include="src\PLAN\PLANSRCH.C">
      <Filter>PLAN</Filter>
    </ClCompile>
    <ClCompile Include="src\PLAN\PLAN.C">
      <Filter>PLAN</Filter>
    </ClCompile>
    <ClCompile Include="src\PSX\AADLIB.C">
      <Filter>PSX</Filter>
    </ClCompile>
    <ClCompile Include="src\PSX\AADSEQEV.C">
      <Filter>PSX</Filter>
    </ClCompile>
    <ClCompile Include="src\PSX\AADSFX.C">
      <Filter>PSX</Filter>
    </ClCompile>
    <ClCompile Include="src\PSX\AADSQCMD.C">
      <Filter>PSX</Filter>
    </ClCompile>
    <ClCompile Include="src\PSX\AADVOICE.C">
      <Filter>PSX</Filter>
    </ClCompile>
    <ClCompile Include="src\PSX\MAIN.C">
      <Filter>PSX</Filter>
    </ClCompile>
    <ClCompile Include="src\PSX\SUPPORT.C">
      <Filter>PSX</Filter>
    </ClCompile>
    <ClCompile Include="src\PSX\PSX_G2\MAINVM.C">
      <Filter>PSX\PSX_G2</Filter>
    </ClCompile>
    <ClCompile Include="src\PSX\PSX_G2\QUATVM.C">
      <Filter>PSX\PSX_G2</Filter>
    </ClCompile>
    <ClCompile Include="src\RAZIEL\ALGOCTRL.C">
      <Filter>RAZIEL</Filter>
    </ClCompile>
    <ClCompile Include="src\RAZIEL\ATTACK.C">
      <Filter>RAZIEL</Filter>
    </ClCompile>
    <ClCompile Include="src\RAZIEL\CONTROL.C">
      <Filter>RAZIEL</Filter>
    </ClCompile>
    <ClCompile Include="src\RAZIEL\HEALTH.C">
      <Filter>RAZIEL</Filter>
    </ClCompile>
    <ClCompile Include="src\RAZIEL\PUPPET.C">
      <Filter>RAZIEL</Filter>
    </ClCompile>
    <ClCompile Include="src\RAZIEL\RAZDBUG.C">
      <Filter>RAZIEL</Filter>
    </ClCompile>
    <ClCompile Include="src\RAZIEL\RAZIEL.C">
      <Filter>RAZIEL</Filter>
    </ClCompile>
    <ClCompile Include="src\RAZIEL\RAZLIB.C">
      <Filter>RAZIEL</Filter>
    </ClCompile>
    <ClCompile Include="src\RAZIEL\SENSES.C">
      <Filter>RAZIEL</Filter>
    </ClCompile>
    <ClCompile Include="src\RAZIEL\SPIDER.C">
      <Filter>RAZIEL</Filter>
    </ClCompile>
    <ClCompile Include="src\RAZIEL\STEERING.C">
      <Filter>RAZIEL</Filter>
    </ClCompile>
    <ClCompile Include="src\RAZIEL\SWIM.C">
      <Filter>RAZIEL</Filter>
    </ClCompile>
    <ClCompile Include="src\BSP.C" />
    <ClCompile Include="src\CAMERA.C" />
    <ClCompile Include="src\COLLIDE.C" />
    <ClCompile Include="src\DEBUG.C" />
    <ClCompile Include="src\DRAW.C" />
    <ClCompile Include="src\EVENT.C" />
    <ClCompile Include="src\FONT.C" />
    <ClCompile Include="src\FX.C" />
    <ClCompile Include="src\GAMELOOP.C" />
    <ClCompile Include="src\GAMEPAD.C" />
    <ClCompile Include="src\GENERIC.C" />
    <ClCompile Include="src\GLYPH.C" />
    <ClCompile Include="src\INSTANCE.C" />
    <ClCompile Include="kain2.cpp" />
    <ClCompile Include="src\LIGHT3D.C" />
    <ClCompile Include="src\LIST.C" />
    <ClCompile Include="src\LOAD3D.C" />
    <ClCompile Include="src\MATH3D.C" />
    <ClCompile Include="src\MEMPACK.C" />
    <ClCompile Include="src\OBTABLE.C" />
    <ClCompile Include="src\PHYSICS.C" />
    <ClCompile Include="src\PHYSOBS.C" />
    <ClCompile Include="src\PIPE3D.C" />
    <ClCompile Include="src\PLAYER.C" />
    <ClCompile Include="src\RAZCNTRL.C" />
    <ClCompile Include="src\REAVER.C" />
    <ClCompile Include="src\RELMOD.C" />
    <ClCompile Include="src\RESOLVE.C" />
    <ClCompile Include="src\SAVEINFO.C" />
    <ClCompile Include="src\SCRIPT.C" />
    <ClCompile Include="src\SIGNAL.C" />
    <ClCompile Include="src\SOUND.C" />
    <ClCompile Include="src\SPLINE.C" />
    <ClCompile Include="src\STATE.C" />
    <ClCompile Include="src\STREAM.C" />
    <ClCompile Include="src\STRMLOAD.C" />
    <ClCompile Include="src\TIMER.C" />
    <ClCompile Include="src\UNDRWRLD.C" />
    <ClCompile Include="src\VM.C" />
    <ClCompile Include="src\VOICEXA.C" />
    <ClCompile Include="src\VRAM.C" />
    <ClCompile Include="src\SCRIPT2.C" />
    <ClCompile Include="src\MONSTER\PRIESTESS.C">
      <Filter>MONSTER</Filter>
    </ClCompile>
    <ClCompile Include="src\PC\video\winmm.cpp">
      <Filter>PC\video</Filter>
    </ClCompile>
  </ItemGroup>
  <ItemGroup>
    <ClInclude Include="src\PC\libspu.h">
      <Filter>PC</Filter>
    </ClInclude>
    <ClInclude Include="src\CINEMA\CINEPSX.H">
      <Filter>CINEMA</Filter>
    </ClInclude>
    <ClInclude Include="src\G2\ANIMG2.H">
      <Filter>G2</Filter>
    </ClInclude>
    <ClInclude Include="src\G2\ANMCTRLR.H">
      <Filter>G2</Filter>
    </ClInclude>
    <ClInclude Include="src\G2\ANMDECMP.H">
      <Filter>G2</Filter>
    </ClInclude>
    <ClInclude Include="src\G2\ANMG2ILF.H">
      <Filter>G2</Filter>
    </ClInclude>
    <ClInclude Include="src\G2\ANMINTRP.H">
      <Filter>G2</Filter>
    </ClInclude>
    <ClInclude Include="src\G2\INSTNCG2.H">
      <Filter>G2</Filter>
    </ClInclude>
    <ClInclude Include="src\G2\MAING2.H">
      <Filter>G2</Filter>
    </ClInclude>
    <ClInclude Include="src\G2\POOLMMG2.H">
      <Filter>G2</Filter>
    </ClInclude>
    <ClInclude Include="src\G2\QUATG2.H">
      <Filter>G2</Filter>
    </ClInclude>
    <ClInclude Include="src\G2\TIMERG2.H">
      <Filter>G2</Filter>
    </ClInclude>
    <ClInclude Include="src\LOCAL\LOCALSTR.H">
      <Filter>LOCAL</Filter>
    </ClInclude>
    <ClInclude Include="src\MCARD\MCASSERT.H">
      <Filter>MCARD</Filter>
    </ClInclude>
    <ClInclude Include="src\MCARD\MEMCARD.H">
      <Filter>MCARD</Filter>
    </ClInclude>
    <ClInclude Include="src\MONSTER\MONAPI.H">
      <Filter>MONSTER</Filter>
    </ClInclude>
    <ClInclude Include="src\MONSTER\HUMAN.H">
      <Filter>MONSTER</Filter>
    </ClInclude>
    <ClInclude Include="src\MONSTER\MBMISS.H">
      <Filter>MONSTER</Filter>
    </ClInclude>
    <ClInclude Include="src\MONSTER\MISSILE.H">
      <Filter>MONSTER</Filter>
    </ClInclude>
    <ClInclude Include="src\MONSTER\MONLIB.H">
      <Filter>MONSTER</Filter>
    </ClInclude>
    <ClInclude Include="src\MONSTER\MONMSG.H">
      <Filter>MONSTER</Filter>
    </ClInclude>
    <ClInclude Include="src\MONSTER\MONSENSE.H">
      <Filter>MONSTER</Filter>
    </ClInclude>
    <ClInclude Include="src\MONSTER\MONSTER.H">
      <Filter>MONSTER</Filter>
    </ClInclude>
    <ClInclude Include="src\MONSTER\MONTABLE.H">
      <Filter>MONSTER</Filter>
    </ClInclude>
    <ClInclude Include="src\MONSTER\SLUAGH.H">
      <Filter>MONSTER</Filter>
    </ClInclude>
    <ClInclude Include="src\MONSTER\SOUL.H">
      <Filter>MONSTER</Filter>
    </ClInclude>
    <ClInclude Include="src\MONSTER\VWRAITH.H">
      <Filter>MONSTER</Filter>
    </ClInclude>
    <ClInclude Include="src\MONSTER\WORSHIP.H">
      <Filter>MONSTER</Filter>
    </ClInclude>
    <ClInclude Include="src\MENU\MENU.H">
      <Filter>MENU</Filter>
    </ClInclude>
    <ClInclude Include="src\MENU\MENUDEFS.H">
      <Filter>MENU</Filter>
    </ClInclude>
    <ClInclude Include="src\MENU\MENUFACE.H">
      <Filter>MENU</Filter>
    </ClInclude>
    <ClInclude Include="src\MENU\MENUUTIL.H">
      <Filter>MENU</Filter>
    </ClInclude>
    <ClInclude Include="src\PLAN\PLAN.H">
      <Filter>PLAN</Filter>
    </ClInclude>
    <ClInclude Include="src\PLAN\PLANAPI.H">
      <Filter>PLAN</Filter>
    </ClInclude>
    <ClInclude Include="src\PLAN\PLANCOLL.H">
      <Filter>PLAN</Filter>
    </ClInclude>
    <ClInclude Include="src\PLAN\PLANPOOL.H">
      <Filter>PLAN</Filter>
    </ClInclude>
    <ClInclude Include="src\PLAN\PLANSRCH.H">
      <Filter>PLAN</Filter>
    </ClInclude>
    <ClInclude Include="src\PLAN\ENMYPLAN.H">
      <Filter>PLAN</Filter>
    </ClInclude>
    <ClInclude Include="src\PSX\PSX_G2\MAINVM.H">
      <Filter>PSX\PSX_G2</Filter>
    </ClInclude>
    <ClInclude Include="src\PSX\PSX_G2\QUATVM.H">
      <Filter>PSX\PSX_G2</Filter>
    </ClInclude>
    <ClInclude Include="src\PSX\AADLIB.H">
      <Filter>PSX</Filter>
    </ClInclude>
    <ClInclude Include="src\PSX\AADSEQEV.H">
      <Filter>PSX</Filter>
    </ClInclude>
    <ClInclude Include="src\PSX\AADSFX.H">
      <Filter>PSX</Filter>
    </ClInclude>
    <ClInclude Include="src\PSX\AADSQCMD.H">
      <Filter>PSX</Filter>
    </ClInclude>
    <ClInclude Include="src\PSX\AADVOICE.H">
      <Filter>PSX</Filter>
    </ClInclude>
    <ClInclude Include="src\PSX\COLLIDES.H">
      <Filter>PSX</Filter>
    </ClInclude>
    <ClInclude Include="src\PSX\DRAWS.H">
      <Filter>PSX</Filter>
    </ClInclude>
    <ClInclude Include="src\PSX\MAIN.H">
      <Filter>PSX</Filter>
    </ClInclude>
    <ClInclude Include="src\PSX\SNMAIN.H">
      <Filter>PSX</Filter>
    </ClInclude>
    <ClInclude Include="src\PSX\SUPPORT.H">
      <Filter>PSX</Filter>
    </ClInclude>
    <ClInclude Include="src\RAZIEL\ALGOCTRL.H">
      <Filter>RAZIEL</Filter>
    </ClInclude>
    <ClInclude Include="src\RAZIEL\ATTACK.H">
      <Filter>RAZIEL</Filter>
    </ClInclude>
    <ClInclude Include="src\RAZIEL\CONTROL.H">
      <Filter>RAZIEL</Filter>
    </ClInclude>
    <ClInclude Include="src\RAZIEL\HEALTH.H">
      <Filter>RAZIEL</Filter>
    </ClInclude>
    <ClInclude Include="src\RAZIEL\PUPPET.H">
      <Filter>RAZIEL</Filter>
    </ClInclude>
    <ClInclude Include="src\RAZIEL\RAZDBUG.H">
      <Filter>RAZIEL</Filter>
    </ClInclude>
    <ClInclude Include="src\RAZIEL\RAZIEL.H">
      <Filter>RAZIEL</Filter>
    </ClInclude>
    <ClInclude Include="src\RAZIEL\RAZLIB.H">
      <Filter>RAZIEL</Filter>
    </ClInclude>
    <ClInclude Include="src\RAZIEL\SENSES.H">
      <Filter>RAZIEL</Filter>
    </ClInclude>
    <ClInclude Include="src\RAZIEL\SPIDER.H">
      <Filter>RAZIEL</Filter>
    </ClInclude>
    <ClInclude Include="src\RAZIEL\STEERING.H">
      <Filter>RAZIEL</Filter>
    </ClInclude>
    <ClInclude Include="src\RAZIEL\SWIM.H">
      <Filter>RAZIEL</Filter>
    </ClInclude>
    <ClInclude Include="src\BSP.H" />
    <ClInclude Include="src\CAMERA.H" />
    <ClInclude Include="src\COLLIDE.H" />
    <ClInclude Include="src\DEBUG.H" />
    <ClInclude Include="src\DRAW.H" />
    <ClInclude Include="src\EVENT.H" />
    <ClInclude Include="src\FONT.H" />
    <ClInclude Include="src\FX.H" />
    <ClInclude Include="src\GAMELOOP.H" />
    <ClInclude Include="src\GAMEPAD.H" />
    <ClInclude Include="src\GENERIC.H" />
    <ClInclude Include="gex2.h" />
    <ClInclude Include="src\GLYPH.H" />
    <ClInclude Include="src\INSTANCE.H" />
    <ClInclude Include="KAIN2.H" />
    <ClInclude Include="src\LIGHT3D.H" />
    <ClInclude Include="src\LIST.H" />
    <ClInclude Include="src\LOAD3D.H" />
    <ClInclude Include="src\MATH3D.H" />
    <ClInclude Include="src\MEMPACK.H" />
    <ClInclude Include="src\OBTABLE.H" />
    <ClInclude Include="src\PHYSICS.H" />
    <ClInclude Include="src\PHYSOBS.H" />
    <ClInclude Include="src\PIPE3D.H" />
    <ClInclude Include="src\PLAYER.H" />
    <ClInclude Include="psyq.h" />
    <ClInclude Include="src\RAZCNTRL.H" />
    <ClInclude Include="src\REAVER.H" />
    <ClInclude Include="src\RELMOD.H" />
    <ClInclude Include="src\RESOLVE.H" />
    <ClInclude Include="src\SAVEINFO.H" />
    <ClInclude Include="src\SCRIPT.H" />
    <ClInclude Include="src\SIGNAL.H" />
    <ClInclude Include="src\SOUND.H" />
    <ClInclude Include="src\SPLINE.H" />
    <ClInclude Include="src\STATE.H" />
    <ClInclude Include="src\STREAM.H" />
    <ClInclude Include="src\STRMLOAD.H" />
    <ClInclude Include="src\TIMER.H" />
    <ClInclude Include="src\UNDRWRLD.H" />
    <ClInclude Include="src\VM.H" />
    <ClInclude Include="src\VOICEXA.H" />
    <ClInclude Include="src\VRAM.H" />
    <ClInclude Include="src\SCRIPT2.H" />
  </ItemGroup>
</Project>